
Microsoft Visual Studio Solution File, Format Version 12.00
# Visual Studio Version 17
VisualStudioVersion = 17.2.32519.379
MinimumVisualStudioVersion = 10.0.40219.1
Project("{FAE04EC0-301F-11D3-BF4B-00C04F79EFBC}") = "pryEjemploGit", "pryEjemploGit\pryEjemploGit.csproj", "{0823F159-D02A-4137-8062-C0A2F634F044}"
EndProject
Global
	GlobalSection(SolutionConfigurationPlatforms) = preSolution
		Debug|Any CPU = Debug|Any CPU
		Release|Any CPU = Release|Any CPU
	EndGlobalSection
	GlobalSection(ProjectConfigurationPlatforms) = postSolution
		{0823F159-D02A-4137-8062-C0A2F634F044}.Debug|Any CPU.ActiveCfg = Debug|Any CPU
		{0823F159-D02A-4137-8062-C0A2F634F044}.Debug|Any CPU.Build.0 = Debug|Any CPU
		{0823F159-D02A-4137-8062-C0A2F634F044}.Release|Any CPU.ActiveCfg = Release|Any CPU
		{0823F159-D02A-4137-8062-C0A2F634F044}.Release|Any CPU.Build.0 = Release|Any CPU
	EndGlobalSection
	GlobalSection(SolutionProperties) = preSolution
		HideSolutionNode = FALSE
	EndGlobalSection
	GlobalSection(ExtensibilityGlobals) = postSolution
		SolutionGuid = {1F94EB7D-AF78-4807-A1DD-BF41E9832BBB}
	EndGlobalSection
EndGlobal
